
Microsoft Visual Studio Solution File, Format Version 11.00
# Visual Studio 2010
Project("{FAE04EC0-301F-11D3-BF4B-00C04F79EFBC}") = "MonoTouch.Appirater", "MonoTouch.Appirater\MonoTouch.Appirater.csproj", "{D905B201-1E30-460B-86B2-60FF96FD8571}"
EndProject
Project("{FAE04EC0-301F-11D3-BF4B-00C04F79EFBC}") = "MonoTouch.Appirater.Demo", "MonoTouch.Appirater.Demo\MonoTouch.Appirater.Demo.csproj", "{8C797DCB-A20D-44F8-84B7-6470D6E4FE9D}"
EndProject
Global
	GlobalSection(SolutionConfigurationPlatforms) = preSolution
		Debug|Any CPU = Debug|Any CPU
		Release|Any CPU = Release|Any CPU
		Debug|iPhoneSimulator = Debug|iPhoneSimulator
		Release|iPhoneSimulator = Release|iPhoneSimulator
		Debug|iPhone = Debug|iPhone
		Release|iPhone = Release|iPhone
		Ad-Hoc|iPhone = Ad-Hoc|iPhone
		AppStore|iPhone = AppStore|iPhone
	EndGlobalSection
	GlobalSection(ProjectConfigurationPlatforms) = postSolution
		{8C797DCB-A20D-44F8-84B7-6470D6E4FE9D}.Ad-Hoc|iPhone.ActiveCfg = Ad-Hoc|iPhone
		{8C797DCB-A20D-44F8-84B7-6470D6E4FE9D}.Ad-Hoc|iPhone.Build.0 = Ad-Hoc|iPhone
		{8C797DCB-A20D-44F8-84B7-6470D6E4FE9D}.AppStore|iPhone.ActiveCfg = AppStore|iPhone
		{8C797DCB-A20D-44F8-84B7-6470D6E4FE9D}.AppStore|iPhone.Build.0 = AppStore|iPhone
		{8C797DCB-A20D-44F8-84B7-6470D6E4FE9D}.Debug|Any CPU.ActiveCfg = Debug|iPhoneSimulator
		{8C797DCB-A20D-44F8-84B7-6470D6E4FE9D}.Debug|Any CPU.Build.0 = Debug|iPhoneSimulator
		{8C797DCB-A20D-44F8-84B7-6470D6E4FE9D}.Debug|iPhone.ActiveCfg = Debug|iPhone
		{8C797DCB-A20D-44F8-84B7-6470D6E4FE9D}.Debug|iPhone.Build.0 = Debug|iPhone
		{8C797DCB-A20D-44F8-84B7-6470D6E4FE9D}.Debug|iPhoneSimulator.ActiveCfg = Debug|iPhoneSimulator
		{8C797DCB-A20D-44F8-84B7-6470D6E4FE9D}.Debug|iPhoneSimulator.Build.0 = Debug|iPhoneSimulator
		{8C797DCB-A20D-44F8-84B7-6470D6E4FE9D}.Release|Any CPU.ActiveCfg = Release|iPhoneSimulator
		{8C797DCB-A20D-44F8-84B7-6470D6E4FE9D}.Release|Any CPU.Build.0 = Release|iPhoneSimulator
		{8C797DCB-A20D-44F8-84B7-6470D6E4FE9D}.Release|iPhone.ActiveCfg = Release|iPhone
		{8C797DCB-A20D-44F8-84B7-6470D6E4FE9D}.Release|iPhone.Build.0 = Release|iPhone
		{8C797DCB-A20D-44F8-84B7-6470D6E4FE9D}.Release|iPhoneSimulator.ActiveCfg = Release|iPhoneSimulator
		{8C797DCB-A20D-44F8-84B7-6470D6E4FE9D}.Release|iPhoneSimulator.Build.0 = Release|iPhoneSimulator
		{D905B201-1E30-460B-86B2-60FF96FD8571}.Ad-Hoc|iPhone.ActiveCfg = Debug|Any CPU
		{D905B201-1E30-460B-86B2-60FF96FD8571}.Ad-Hoc|iPhone.Build.0 = Debug|Any CPU
		{D905B201-1E30-460B-86B2-60FF96FD8571}.AppStore|iPhone.ActiveCfg = Debug|Any CPU
		{D905B201-1E30-460B-86B2-60FF96FD8571}.AppStore|iPhone.Build.0 = Debug|Any CPU
		{D905B201-1E30-460B-86B2-60FF96FD8571}.Debug|Any CPU.ActiveCfg = Debug|Any CPU
		{D905B201-1E30-460B-86B2-60FF96FD8571}.Debug|Any CPU.Build.0 = Debug|Any CPU
		{D905B201-1E30-460B-86B2-60FF96FD8571}.Debug|iPhone.ActiveCfg = Debug|Any CPU
		{D905B201-1E30-460B-86B2-60FF96FD8571}.Debug|iPhone.Build.0 = Debug|Any CPU
		{D905B201-1E30-460B-86B2-60FF96FD8571}.Debug|iPhoneSimulator.ActiveCfg = Debug|Any CPU
		{D905B201-1E30-460B-86B2-60FF96FD8571}.Debug|iPhoneSimulator.Build.0 = Debug|Any CPU
		{D905B201-1E30-460B-86B2-60FF96FD8571}.Release|Any CPU.ActiveCfg = Release|Any CPU
		{D905B201-1E30-460B-86B2-60FF96FD8571}.Release|Any CPU.Build.0 = Release|Any CPU
		{D905B201-1E30-460B-86B2-60FF96FD8571}.Release|iPhone.ActiveCfg = Release|Any CPU
		{D905B201-1E30-460B-86B2-60FF96FD8571}.Release|iPhone.Build.0 = Release|Any CPU
		{D905B201-1E30-460B-86B2-60FF96FD8571}.Release|iPhoneSimulator.ActiveCfg = Release|Any CPU
		{D905B201-1E30-460B-86B2-60FF96FD8571}.Release|iPhoneSimulator.Build.0 = Release|Any CPU
	EndGlobalSection
	GlobalSection(MonoDevelopProperties) = preSolution
		StartupItem = MonoTouch.Appirater.Demo\MonoTouch.Appirater.Demo.csproj
	EndGlobalSection
EndGlobal
